
Microsoft Visual Studio Solution File, Format Version 12.00
# Visual Studio 14
VisualStudioVersion = 14.0.25420.1
MinimumVisualStudioVersion = 10.0.40219.1
Project("{FAE04EC0-301F-11D3-BF4B-00C04F79EFBC}") = "Catalogo", "Catalogo\Catalogo.csproj", "{E7D3C08C-D152-431C-A366-07FD70F663AB}"
EndProject
Project("{FAE04EC0-301F-11D3-BF4B-00C04F79EFBC}") = "MiPrimerProyectoConsola", "Unidad1Catalogo\MiPrimerProyectoConsola\MiPrimerProyectoConsola.csproj", "{640B1AE2-ADD1-4894-9F9D-EA362656FEB5}"
EndProject
Project("{FAE04EC0-301F-11D3-BF4B-00C04F79EFBC}") = "MiProyectoWindowsForms", "Unidad1Catalogo\MiProyectoWindowsForms\MiProyectoWindowsForms.csproj", "{86EE39EC-9507-4CC7-890A-7B5E81D7C6CD}"
EndProject
Project("{FAE04EC0-301F-11D3-BF4B-00C04F79EFBC}") = "Embotelladora", "Unidad2y3Catalogo\Embotelladora\Embotelladora\Embotelladora.csproj", "{D7C9009B-D134-46DB-824F-0D718DEB5152}"
EndProject
Project("{FAE04EC0-301F-11D3-BF4B-00C04F79EFBC}") = "EntradasDeUnConcierto", "Unidad2y3Catalogo\EntradasDeUnConcierto\EntradasDeUnConcierto.csproj", "{FC1EE82E-7010-48CD-9A32-9187EEC271B2}"
EndProject
Project("{FAE04EC0-301F-11D3-BF4B-00C04F79EFBC}") = "1. Cuadrado", "Unidad2y3Catalogo\Cuadrado\1. Cuadrado.csproj", "{D30B1A7F-42DE-4A16-B925-AF4FFF278C12}"
EndProject
Project("{FAE04EC0-301F-11D3-BF4B-00C04F79EFBC}") = "2. Temperatura", "Unidad2y3Catalogo\Temperatura\2. Temperatura.csproj", "{8B268894-AEC2-4AB6-9CF2-4BCEA36ECAAC}"
EndProject
Project("{FAE04EC0-301F-11D3-BF4B-00C04F79EFBC}") = "3. DiasDeVacaciones", "Unidad2y3Catalogo\DiasDeVacaciones\3. DiasDeVacaciones.csproj", "{D730FF88-E58D-4755-92E6-C4943E185423}"
EndProject
Project("{FAE04EC0-301F-11D3-BF4B-00C04F79EFBC}") = "4. MayorDeEdad", "Unidad2y3Catalogo\MayorDeEdad\4. MayorDeEdad.csproj", "{AC928CE3-E18E-46A5-8ECE-916DDA9D0C08}"
EndProject
Project("{FAE04EC0-301F-11D3-BF4B-00C04F79EFBC}") = "5. Recibo", "Unidad2y3Catalogo\Recibo\5. Recibo.csproj", "{8E8B3A00-318E-4C55-8929-4F0385F46E87}"
EndProject
Project("{FAE04EC0-301F-11D3-BF4B-00C04F79EFBC}") = "6. CasetaDeAutopista", "Unidad2y3Catalogo\CasetaDeAutopista\6. CasetaDeAutopista.csproj", "{0BA49929-3000-4E0B-A0A4-A33054FEBDD7}"
EndProject
Project("{FAE04EC0-301F-11D3-BF4B-00C04F79EFBC}") = "Examen2y3", "Unidad2y3Catalogo\Examen2y3\Examen2y3.csproj", "{CE57C065-2CCF-4290-AB1F-BD122841377E}"
EndProject
Project("{FAE04EC0-301F-11D3-BF4B-00C04F79EFBC}") = "Vehiculos", "..\Unidad4\Vehiculos\Vehiculos.csproj", "{52F7333F-4980-4F38-88DF-4E071E24C6FB}"
EndProject
Project("{FAE04EC0-301F-11D3-BF4B-00C04F79EFBC}") = "Operaciones", "..\Unidad4\Operaciones\Operaciones.csproj", "{40020F70-1603-4716-953F-DFD6D10D46A7}"
EndProject
Project("{FAE04EC0-301F-11D3-BF4B-00C04F79EFBC}") = "FigurasGeometricas", "..\Unidad4\Figuras\FigurasGeometricas.csproj", "{BCF5DDA8-AF33-4027-99CC-FB775BE4A899}"
EndProject
Project("{FAE04EC0-301F-11D3-BF4B-00C04F79EFBC}") = "InterfaceMaquinaExpendedora", "..\Unidad4\InterfaceMaquinaExpendedora\InterfaceMaquinaExpendedora.csproj", "{7C8CBA64-27A9-4015-9602-CEA14A9B1A9A}"
EndProject
Project("{FAE04EC0-301F-11D3-BF4B-00C04F79EFBC}") = "EmpleadosRestaurante", "..\Unidad4\Empleados Restaurante\EmpleadosRestaurante.csproj", "{96183998-F9C8-4DC5-B897-048BE9610C7B}"
EndProject
Project("{FAE04EC0-301F-11D3-BF4B-00C04F79EFBC}") = "MemoramaJoJosBizarreAdventure", "..\Unidad4\MemoramaJoJosBizarreAdventure\MemoramaJoJosBizarreAdventure.csproj", "{4CEDD81E-8F44-4FD0-8ECC-D3F1BB16C2A8}"
EndProject
Project("{FAE04EC0-301F-11D3-BF4B-00C04F79EFBC}") = "Bidimensional1", "Unidad5y6Catalogo\Bidimensional1\Bidimensional1.csproj", "{7D769E20-D95C-4B5A-A88F-398F99D11C99}"
EndProject
Project("{FAE04EC0-301F-11D3-BF4B-00C04F79EFBC}") = "Bidimensional2", "Unidad5y6Catalogo\Bidimensional2\Bidimensional2.csproj", "{8C4AF35D-25EF-4392-94CF-C76433C4FEB2}"
EndProject
Project("{FAE04EC0-301F-11D3-BF4B-00C04F79EFBC}") = "BidimensionalEjemplo1", "Unidad5y6Catalogo\BidimensionalEjemplo1\BidimensionalEjemplo1.csproj", "{7C8CBDF4-867C-4596-96F8-AA30640B6EEF}"
EndProject
Project("{FAE04EC0-301F-11D3-BF4B-00C04F79EFBC}") = "ClasesProg101", "Unidad5y6Catalogo\ClasesProg101\ClasesProg101.csproj", "{99DF1203-E155-4B2D-ADC5-A6D103F19B45}"
EndProject
Project("{FAE04EC0-301F-11D3-BF4B-00C04F79EFBC}") = "Ejemplo1PropuestoArreglos", "Unidad5y6Catalogo\Ejemplo1PropuestoArreglos\Ejemplo1PropuestoArreglos.csproj", "{55E6D632-5541-4FA2-84CE-23EFF4415DAD}"
EndProject
Project("{FAE04EC0-301F-11D3-BF4B-00C04F79EFBC}") = "Ejercicio1Paises", "Unidad5y6Catalogo\Ejercicio1Paises\Ejercicio1Paises.csproj", "{CBFFFA1C-630A-40E5-8E5A-FCC017B4CDB4}"
EndProject
Project("{FAE04EC0-301F-11D3-BF4B-00C04F79EFBC}") = "Ejercicio2Paises", "Unidad5y6Catalogo\Ejercicio2Paises\Ejercicio2Paises.csproj", "{F95B575B-36FF-4716-8F2A-FA6DA2E0D7E3}"
EndProject
Project("{FAE04EC0-301F-11D3-BF4B-00C04F79EFBC}") = "EjercicioArrayListDeUnaClase", "Unidad5y6Catalogo\EjercicioArrayListDeUnaClase\EjercicioArrayListDeUnaClase.csproj", "{EB8DBC5A-53DF-43BB-B04B-E4A671F16F50}"
EndProject
Project("{FAE04EC0-301F-11D3-BF4B-00C04F79EFBC}") = "MatrizSumaFCD", "Unidad5y6Catalogo\MatrizSumaFCD\MatrizSumaFCD.csproj", "{D4386245-B422-4F39-A3D0-2D796B927B5C}"
EndProject
Project("{FAE04EC0-301F-11D3-BF4B-00C04F79EFBC}") = "NumerosMayorMenor", "Unidad5y6Catalogo\NumerosMayorMenor\NumerosMayorMenor.csproj", "{7F281C30-1421-42D5-93CE-E41C70BC46EA}"
EndProject
Project("{FAE04EC0-301F-11D3-BF4B-00C04F79EFBC}") = "TiendaDeVideojuegos", "Unidad5y6Catalogo\TiendaDeVideojuegos\TiendaDeVideojuegos.csproj", "{AC069A2A-7372-4627-B12F-E099F8211743}"
EndProject
Project("{FAE04EC0-301F-11D3-BF4B-00C04F79EFBC}") = "Torneo", "Unidad5y6Catalogo\Torneo\Torneo.csproj", "{672F6D9A-CA95-4609-A992-91C16BD64568}"
EndProject
Project("{FAE04EC0-301F-11D3-BF4B-00C04F79EFBC}") = "EscuelaDatos1", "Unidad5y6Catalogo\EscuelaDatos1\EscuelaDatos1.csproj", "{F43BD8CE-C108-45F5-9833-DA10EA850247}"
EndProject
Project("{FAE04EC0-301F-11D3-BF4B-00C04F79EFBC}") = "EscuelaDatos2", "Unidad5y6Catalogo\EscuelaDatos2\EscuelaDatos2.csproj", "{6E8E75FD-557C-4DB6-BDBF-753DD077ACB8}"
EndProject
Global
	GlobalSection(SolutionConfigurationPlatforms) = preSolution
		Debug|Any CPU = Debug|Any CPU
		Release|Any CPU = Release|Any CPU
	EndGlobalSection
	GlobalSection(ProjectConfigurationPlatforms) = postSolution
		{E7D3C08C-D152-431C-A366-07FD70F663AB}.Debug|Any CPU.ActiveCfg = Debug|Any CPU
		{E7D3C08C-D152-431C-A366-07FD70F663AB}.Debug|Any CPU.Build.0 = Debug|Any CPU
		{E7D3C08C-D152-431C-A366-07FD70F663AB}.Release|Any CPU.ActiveCfg = Release|Any CPU
		{E7D3C08C-D152-431C-A366-07FD70F663AB}.Release|Any CPU.Build.0 = Release|Any CPU
		{640B1AE2-ADD1-4894-9F9D-EA362656FEB5}.Debug|Any CPU.ActiveCfg = Debug|Any CPU
		{640B1AE2-ADD1-4894-9F9D-EA362656FEB5}.Debug|Any CPU.Build.0 = Debug|Any CPU
		{640B1AE2-ADD1-4894-9F9D-EA362656FEB5}.Release|Any CPU.ActiveCfg = Release|Any CPU
		{640B1AE2-ADD1-4894-9F9D-EA362656FEB5}.Release|Any CPU.Build.0 = Release|Any CPU
		{86EE39EC-9507-4CC7-890A-7B5E81D7C6CD}.Debug|Any CPU.ActiveCfg = Debug|Any CPU
		{86EE39EC-9507-4CC7-890A-7B5E81D7C6CD}.Debug|Any CPU.Build.0 = Debug|Any CPU
		{86EE39EC-9507-4CC7-890A-7B5E81D7C6CD}.Release|Any CPU.ActiveCfg = Release|Any CPU
		{86EE39EC-9507-4CC7-890A-7B5E81D7C6CD}.Release|Any CPU.Build.0 = Release|Any CPU
		{D7C9009B-D134-46DB-824F-0D718DEB5152}.Debug|Any CPU.ActiveCfg = Debug|Any CPU
		{D7C9009B-D134-46DB-824F-0D718DEB5152}.Debug|Any CPU.Build.0 = Debug|Any CPU
		{D7C9009B-D134-46DB-824F-0D718DEB5152}.Release|Any CPU.ActiveCfg = Release|Any CPU
		{D7C9009B-D134-46DB-824F-0D718DEB5152}.Release|Any CPU.Build.0 = Release|Any CPU
		{FC1EE82E-7010-48CD-9A32-9187EEC271B2}.Debug|Any CPU.ActiveCfg = Debug|Any CPU
		{FC1EE82E-7010-48CD-9A32-9187EEC271B2}.Debug|Any CPU.Build.0 = Debug|Any CPU
		{FC1EE82E-7010-48CD-9A32-9187EEC271B2}.Release|Any CPU.ActiveCfg = Release|Any CPU
		{FC1EE82E-7010-48CD-9A32-9187EEC271B2}.Release|Any CPU.Build.0 = Release|Any CPU
		{D30B1A7F-42DE-4A16-B925-AF4FFF278C12}.Debug|Any CPU.ActiveCfg = Debug|Any CPU
		{D30B1A7F-42DE-4A16-B925-AF4FFF278C12}.Debug|Any CPU.Build.0 = Debug|Any CPU
		{D30B1A7F-42DE-4A16-B925-AF4FFF278C12}.Release|Any CPU.ActiveCfg = Release|Any CPU
		{D30B1A7F-42DE-4A16-B925-AF4FFF278C12}.Release|Any CPU.Build.0 = Release|Any CPU
		{8B268894-AEC2-4AB6-9CF2-4BCEA36ECAAC}.Debug|Any CPU.ActiveCfg = Debug|Any CPU
		{8B268894-AEC2-4AB6-9CF2-4BCEA36ECAAC}.Debug|Any CPU.Build.0 = Debug|Any CPU
		{8B268894-AEC2-4AB6-9CF2-4BCEA36ECAAC}.Release|Any CPU.ActiveCfg = Release|Any CPU
		{8B268894-AEC2-4AB6-9CF2-4BCEA36ECAAC}.Release|Any CPU.Build.0 = Release|Any CPU
		{D730FF88-E58D-4755-92E6-C4943E185423}.Debug|Any CPU.ActiveCfg = Debug|Any CPU
		{D730FF88-E58D-4755-92E6-C4943E185423}.Debug|Any CPU.Build.0 = Debug|Any CPU
		{D730FF88-E58D-4755-92E6-C4943E185423}.Release|Any CPU.ActiveCfg = Release|Any CPU
		{D730FF88-E58D-4755-92E6-C4943E185423}.Release|Any CPU.Build.0 = Release|Any CPU
		{AC928CE3-E18E-46A5-8ECE-916DDA9D0C08}.Debug|Any CPU.ActiveCfg = Debug|Any CPU
		{AC928CE3-E18E-46A5-8ECE-916DDA9D0C08}.Debug|Any CPU.Build.0 = Debug|Any CPU
		{AC928CE3-E18E-46A5-8ECE-916DDA9D0C08}.Release|Any CPU.ActiveCfg = Release|Any CPU
		{AC928CE3-E18E-46A5-8ECE-916DDA9D0C08}.Release|Any CPU.Build.0 = Release|Any CPU
		{8E8B3A00-318E-4C55-8929-4F0385F46E87}.Debug|Any CPU.ActiveCfg = Debug|Any CPU
		{8E8B3A00-318E-4C55-8929-4F0385F46E87}.Debug|Any CPU.Build.0 = Debug|Any CPU
		{8E8B3A00-318E-4C55-8929-4F0385F46E87}.Release|Any CPU.ActiveCfg = Release|Any CPU
		{8E8B3A00-318E-4C55-8929-4F0385F46E87}.Release|Any CPU.Build.0 = Release|Any CPU
		{0BA49929-3000-4E0B-A0A4-A33054FEBDD7}.Debug|Any CPU.ActiveCfg = Debug|Any CPU
		{0BA49929-3000-4E0B-A0A4-A33054FEBDD7}.Debug|Any CPU.Build.0 = Debug|Any CPU
		{0BA49929-3000-4E0B-A0A4-A33054FEBDD7}.Release|Any CPU.ActiveCfg = Release|Any CPU
		{0BA49929-3000-4E0B-A0A4-A33054FEBDD7}.Release|Any CPU.Build.0 = Release|Any CPU
		{CE57C065-2CCF-4290-AB1F-BD122841377E}.Debug|Any CPU.ActiveCfg = Debug|Any CPU
		{CE57C065-2CCF-4290-AB1F-BD122841377E}.Debug|Any CPU.Build.0 = Debug|Any CPU
		{CE57C065-2CCF-4290-AB1F-BD122841377E}.Release|Any CPU.ActiveCfg = Release|Any CPU
		{CE57C065-2CCF-4290-AB1F-BD122841377E}.Release|Any CPU.Build.0 = Release|Any CPU
		{52F7333F-4980-4F38-88DF-4E071E24C6FB}.Debug|Any CPU.ActiveCfg = Debug|Any CPU
		{52F7333F-4980-4F38-88DF-4E071E24C6FB}.Debug|Any CPU.Build.0 = Debug|Any CPU
		{52F7333F-4980-4F38-88DF-4E071E24C6FB}.Release|Any CPU.ActiveCfg = Release|Any CPU
		{52F7333F-4980-4F38-88DF-4E071E24C6FB}.Release|Any CPU.Build.0 = Release|Any CPU
		{40020F70-1603-4716-953F-DFD6D10D46A7}.Debug|Any CPU.ActiveCfg = Debug|Any CPU
		{40020F70-1603-4716-953F-DFD6D10D46A7}.Debug|Any CPU.Build.0 = Debug|Any CPU
		{40020F70-1603-4716-953F-DFD6D10D46A7}.Release|Any CPU.ActiveCfg = Release|Any CPU
		{40020F70-1603-4716-953F-DFD6D10D46A7}.Release|Any CPU.Build.0 = Release|Any CPU
		{BCF5DDA8-AF33-4027-99CC-FB775BE4A899}.Debug|Any CPU.ActiveCfg = Debug|Any CPU
		{BCF5DDA8-AF33-4027-99CC-FB775BE4A899}.Debug|Any CPU.Build.0 = Debug|Any CPU
		{BCF5DDA8-AF33-4027-99CC-FB775BE4A899}.Release|Any CPU.ActiveCfg = Release|Any CPU
		{BCF5DDA8-AF33-4027-99CC-FB775BE4A899}.Release|Any CPU.Build.0 = Release|Any CPU
		{7C8CBA64-27A9-4015-9602-CEA14A9B1A9A}.Debug|Any CPU.ActiveCfg = Debug|Any CPU
		{7C8CBA64-27A9-4015-9602-CEA14A9B1A9A}.Debug|Any CPU.Build.0 = Debug|Any CPU
		{7C8CBA64-27A9-4015-9602-CEA14A9B1A9A}.Release|Any CPU.ActiveCfg = Release|Any CPU
		{7C8CBA64-27A9-4015-9602-CEA14A9B1A9A}.Release|Any CPU.Build.0 = Release|Any CPU
		{96183998-F9C8-4DC5-B897-048BE9610C7B}.Debug|Any CPU.ActiveCfg = Debug|Any CPU
		{96183998-F9C8-4DC5-B897-048BE9610C7B}.Debug|Any CPU.Build.0 = Debug|Any CPU
		{96183998-F9C8-4DC5-B897-048BE9610C7B}.Release|Any CPU.ActiveCfg = Release|Any CPU
		{96183998-F9C8-4DC5-B897-048BE9610C7B}.Release|Any CPU.Build.0 = Release|Any CPU
		{4CEDD81E-8F44-4FD0-8ECC-D3F1BB16C2A8}.Debug|Any CPU.ActiveCfg = Debug|Any CPU
		{4CEDD81E-8F44-4FD0-8ECC-D3F1BB16C2A8}.Debug|Any CPU.Build.0 = Debug|Any CPU
		{4CEDD81E-8F44-4FD0-8ECC-D3F1BB16C2A8}.Release|Any CPU.ActiveCfg = Release|Any CPU
		{4CEDD81E-8F44-4FD0-8ECC-D3F1BB16C2A8}.Release|Any CPU.Build.0 = Release|Any CPU
		{7D769E20-D95C-4B5A-A88F-398F99D11C99}.Debug|Any CPU.ActiveCfg = Debug|Any CPU
		{7D769E20-D95C-4B5A-A88F-398F99D11C99}.Debug|Any CPU.Build.0 = Debug|Any CPU
		{7D769E20-D95C-4B5A-A88F-398F99D11C99}.Release|Any CPU.ActiveCfg = Release|Any CPU
		{7D769E20-D95C-4B5A-A88F-398F99D11C99}.Release|Any CPU.Build.0 = Release|Any CPU
		{8C4AF35D-25EF-4392-94CF-C76433C4FEB2}.Debug|Any CPU.ActiveCfg = Debug|Any CPU
		{8C4AF35D-25EF-4392-94CF-C76433C4FEB2}.Debug|Any CPU.Build.0 = Debug|Any CPU
		{8C4AF35D-25EF-4392-94CF-C76433C4FEB2}.Release|Any CPU.ActiveCfg = Release|Any CPU
		{8C4AF35D-25EF-4392-94CF-C76433C4FEB2}.Release|Any CPU.Build.0 = Release|Any CPU
		{7C8CBDF4-867C-4596-96F8-AA30640B6EEF}.Debug|Any CPU.ActiveCfg = Debug|Any CPU
		{7C8CBDF4-867C-4596-96F8-AA30640B6EEF}.Debug|Any CPU.Build.0 = Debug|Any CPU
		{7C8CBDF4-867C-4596-96F8-AA30640B6EEF}.Release|Any CPU.ActiveCfg = Release|Any CPU
		{7C8CBDF4-867C-4596-96F8-AA30640B6EEF}.Release|Any CPU.Build.0 = Release|Any CPU
		{99DF1203-E155-4B2D-ADC5-A6D103F19B45}.Debug|Any CPU.ActiveCfg = Debug|Any CPU
		{99DF1203-E155-4B2D-ADC5-A6D103F19B45}.Debug|Any CPU.Build.0 = Debug|Any CPU
		{99DF1203-E155-4B2D-ADC5-A6D103F19B45}.Release|Any CPU.ActiveCfg = Release|Any CPU
		{99DF1203-E155-4B2D-ADC5-A6D103F19B45}.Release|Any CPU.Build.0 = Release|Any CPU
		{55E6D632-5541-4FA2-84CE-23EFF4415DAD}.Debug|Any CPU.ActiveCfg = Debug|Any CPU
		{55E6D632-5541-4FA2-84CE-23EFF4415DAD}.Debug|Any CPU.Build.0 = Debug|Any CPU
		{55E6D632-5541-4FA2-84CE-23EFF4415DAD}.Release|Any CPU.ActiveCfg = Release|Any CPU
		{55E6D632-5541-4FA2-84CE-23EFF4415DAD}.Release|Any CPU.Build.0 = Release|Any CPU
		{CBFFFA1C-630A-40E5-8E5A-FCC017B4CDB4}.Debug|Any CPU.ActiveCfg = Debug|Any CPU
		{CBFFFA1C-630A-40E5-8E5A-FCC017B4CDB4}.Debug|Any CPU.Build.0 = Debug|Any CPU
		{CBFFFA1C-630A-40E5-8E5A-FCC017B4CDB4}.Release|Any CPU.ActiveCfg = Release|Any CPU
		{CBFFFA1C-630A-40E5-8E5A-FCC017B4CDB4}.Release|Any CPU.Build.0 = Release|Any CPU
		{F95B575B-36FF-4716-8F2A-FA6DA2E0D7E3}.Debug|Any CPU.ActiveCfg = Debug|Any CPU
		{F95B575B-36FF-4716-8F2A-FA6DA2E0D7E3}.Debug|Any CPU.Build.0 = Debug|Any CPU
		{F95B575B-36FF-4716-8F2A-FA6DA2E0D7E3}.Release|Any CPU.ActiveCfg = Release|Any CPU
		{F95B575B-36FF-4716-8F2A-FA6DA2E0D7E3}.Release|Any CPU.Build.0 = Release|Any CPU
		{EB8DBC5A-53DF-43BB-B04B-E4A671F16F50}.Debug|Any CPU.ActiveCfg = Debug|Any CPU
		{EB8DBC5A-53DF-43BB-B04B-E4A671F16F50}.Debug|Any CPU.Build.0 = Debug|Any CPU
		{EB8DBC5A-53DF-43BB-B04B-E4A671F16F50}.Release|Any CPU.ActiveCfg = Release|Any CPU
		{EB8DBC5A-53DF-43BB-B04B-E4A671F16F50}.Release|Any CPU.Build.0 = Release|Any CPU
		{D4386245-B422-4F39-A3D0-2D796B927B5C}.Debug|Any CPU.ActiveCfg = Debug|Any CPU
		{D4386245-B422-4F39-A3D0-2D796B927B5C}.Debug|Any CPU.Build.0 = Debug|Any CPU
		{D4386245-B422-4F39-A3D0-2D796B927B5C}.Release|Any CPU.ActiveCfg = Release|Any CPU
		{D4386245-B422-4F39-A3D0-2D796B927B5C}.Release|Any CPU.Build.0 = Release|Any CPU
		{7F281C30-1421-42D5-93CE-E41C70BC46EA}.Debug|Any CPU.ActiveCfg = Debug|Any CPU
		{7F281C30-1421-42D5-93CE-E41C70BC46EA}.Debug|Any CPU.Build.0 = Debug|Any CPU
		{7F281C30-1421-42D5-93CE-E41C70BC46EA}.Release|Any CPU.ActiveCfg = Release|Any CPU
		{7F281C30-1421-42D5-93CE-E41C70BC46EA}.Release|Any CPU.Build.0 = Release|Any CPU
		{AC069A2A-7372-4627-B12F-E099F8211743}.Debug|Any CPU.ActiveCfg = Debug|Any CPU
		{AC069A2A-7372-4627-B12F-E099F8211743}.Debug|Any CPU.Build.0 = Debug|Any CPU
		{AC069A2A-7372-4627-B12F-E099F8211743}.Release|Any CPU.ActiveCfg = Release|Any CPU
		{AC069A2A-7372-4627-B12F-E099F8211743}.Release|Any CPU.Build.0 = Release|Any CPU
		{672F6D9A-CA95-4609-A992-91C16BD64568}.Debug|Any CPU.ActiveCfg = Debug|Any CPU
		{672F6D9A-CA95-4609-A992-91C16BD64568}.Debug|Any CPU.Build.0 = Debug|Any CPU
		{672F6D9A-CA95-4609-A992-91C16BD64568}.Release|Any CPU.ActiveCfg = Release|Any CPU
		{672F6D9A-CA95-4609-A992-91C16BD64568}.Release|Any CPU.Build.0 = Release|Any CPU
		{F43BD8CE-C108-45F5-9833-DA10EA850247}.Debug|Any CPU.ActiveCfg = Debug|Any CPU
		{F43BD8CE-C108-45F5-9833-DA10EA850247}.Debug|Any CPU.Build.0 = Debug|Any CPU
		{F43BD8CE-C108-45F5-9833-DA10EA850247}.Release|Any CPU.ActiveCfg = Release|Any CPU
		{F43BD8CE-C108-45F5-9833-DA10EA850247}.Release|Any CPU.Build.0 = Release|Any CPU
		{6E8E75FD-557C-4DB6-BDBF-753DD077ACB8}.Debug|Any CPU.ActiveCfg = Debug|Any CPU
		{6E8E75FD-557C-4DB6-BDBF-753DD077ACB8}.Debug|Any CPU.Build.0 = Debug|Any CPU
		{6E8E75FD-557C-4DB6-BDBF-753DD077ACB8}.Release|Any CPU.ActiveCfg = Release|Any CPU
		{6E8E75FD-557C-4DB6-BDBF-753DD077ACB8}.Release|Any CPU.Build.0 = Release|Any CPU
	EndGlobalSection
	GlobalSection(SolutionProperties) = preSolution
		HideSolutionNode = FALSE
	EndGlobalSection
EndGlobal
